
Microsoft Visual Studio Solution File, Format Version 12.00
# Visual Studio Version 16
VisualStudioVersion = 16.0.31624.102
MinimumVisualStudioVersion = 10.0.40219.1
Project("{FAE04EC0-301F-11D3-BF4B-00C04F79EFBC}") = "BTL_QLK", "BTL_QLK\BTL_QLK.csproj", "{BE491469-2B44-487B-8984-6DB35BFC3E72}"
EndProject
Global
	GlobalSection(SolutionConfigurationPlatforms) = preSolution
		Debug|Any CPU = Debug|Any CPU
		Release|Any CPU = Release|Any CPU
	EndGlobalSection
	GlobalSection(ProjectConfigurationPlatforms) = postSolution
		{BE491469-2B44-487B-8984-6DB35BFC3E72}.Debug|Any CPU.ActiveCfg = Debug|Any CPU
		{BE491469-2B44-487B-8984-6DB35BFC3E72}.Debug|Any CPU.Build.0 = Debug|Any CPU
		{BE491469-2B44-487B-8984-6DB35BFC3E72}.Release|Any CPU.ActiveCfg = Release|Any CPU
		{BE491469-2B44-487B-8984-6DB35BFC3E72}.Release|Any CPU.Build.0 = Release|Any CPU
	EndGlobalSection
	GlobalSection(SolutionProperties) = preSolution
		HideSolutionNode = FALSE
	EndGlobalSection
	GlobalSection(ExtensibilityGlobals) = postSolution
		SolutionGuid = {EA8E4C7C-65A3-4AEB-987C-73F5B8263229}
	EndGlobalSection
EndGlobal
